
Microsoft Visual Studio Solution File, Format Version 12.00
# Visual Studio Version 16
VisualStudioVersion = 16.0.28803.352
MinimumVisualStudioVersion = 10.0.40219.1
Project("{FAE04EC0-301F-11D3-BF4B-00C04F79EFBC}") = "Exercitiu procedural", "Exercitiu procedural\Exercitiu procedural.csproj", "{10D51DAB-55F4-401E-916B-703E10EFDA99}"
EndProject
Global
	GlobalSection(SolutionConfigurationPlatforms) = preSolution
		Debug|Any CPU = Debug|Any CPU
		Release|Any CPU = Release|Any CPU
	EndGlobalSection
	GlobalSection(ProjectConfigurationPlatforms) = postSolution
		{10D51DAB-55F4-401E-916B-703E10EFDA99}.Debug|Any CPU.ActiveCfg = Debug|Any CPU
		{10D51DAB-55F4-401E-916B-703E10EFDA99}.Debug|Any CPU.Build.0 = Debug|Any CPU
		{10D51DAB-55F4-401E-916B-703E10EFDA99}.Release|Any CPU.ActiveCfg = Release|Any CPU
		{10D51DAB-55F4-401E-916B-703E10EFDA99}.Release|Any CPU.Build.0 = Release|Any CPU
	EndGlobalSection
	GlobalSection(SolutionProperties) = preSolution
		HideSolutionNode = FALSE
	EndGlobalSection
	GlobalSection(ExtensibilityGlobals) = postSolution
		SolutionGuid = {E1B4057B-13D5-4439-BA06-012A7EAB54B0}
	EndGlobalSection
EndGlobal
